
Microsoft Visual Studio Solution File, Format Version 12.00
# Visual Studio Version 17
VisualStudioVersion = 17.0.31903.59
MinimumVisualStudioVersion = 10.0.40219.1
Project("{FAE04EC0-301F-11D3-BF4B-00C04F79EFBC}") = "VoltLLM.Core", "VoltLLM.Core\VoltLLM.Core.csproj", "{2239C235-13A6-4294-BB36-ABB6EE031E90}"
EndProject
Project("{FAE04EC0-301F-11D3-BF4B-00C04F79EFBC}") = "VoltLLM.Chat", "VoltLLM.Chat\VoltLLM.Chat.csproj", "{88A8E05D-88BE-4358-90C5-FECD4E0D4608}"
EndProject
Global
	GlobalSection(SolutionConfigurationPlatforms) = preSolution
		Debug|Any CPU = Debug|Any CPU
		Debug|x64 = Debug|x64
		Debug|x86 = Debug|x86
		Release|Any CPU = Release|Any CPU
		Release|x64 = Release|x64
		Release|x86 = Release|x86
	EndGlobalSection
	GlobalSection(ProjectConfigurationPlatforms) = postSolution
		{2239C235-13A6-4294-BB36-ABB6EE031E90}.Debug|Any CPU.ActiveCfg = Debug|Any CPU
		{2239C235-13A6-4294-BB36-ABB6EE031E90}.Debug|Any CPU.Build.0 = Debug|Any CPU
		{2239C235-13A6-4294-BB36-ABB6EE031E90}.Debug|x64.ActiveCfg = Debug|Any CPU
		{2239C235-13A6-4294-BB36-ABB6EE031E90}.Debug|x64.Build.0 = Debug|Any CPU
		{2239C235-13A6-4294-BB36-ABB6EE031E90}.Debug|x86.ActiveCfg = Debug|Any CPU
		{2239C235-13A6-4294-BB36-ABB6EE031E90}.Debug|x86.Build.0 = Debug|Any CPU
		{2239C235-13A6-4294-BB36-ABB6EE031E90}.Release|Any CPU.ActiveCfg = Release|Any CPU
		{2239C235-13A6-4294-BB36-ABB6EE031E90}.Release|Any CPU.Build.0 = Release|Any CPU
		{2239C235-13A6-4294-BB36-ABB6EE031E90}.Release|x64.ActiveCfg = Release|Any CPU
		{2239C235-13A6-4294-BB36-ABB6EE031E90}.Release|x64.Build.0 = Release|Any CPU
		{2239C235-13A6-4294-BB36-ABB6EE031E90}.Release|x86.ActiveCfg = Release|Any CPU
		{2239C235-13A6-4294-BB36-ABB6EE031E90}.Release|x86.Build.0 = Release|Any CPU
		{88A8E05D-88BE-4358-90C5-FECD4E0D4608}.Debug|Any CPU.ActiveCfg = Debug|Any CPU
		{88A8E05D-88BE-4358-90C5-FECD4E0D4608}.Debug|Any CPU.Build.0 = Debug|Any CPU
		{88A8E05D-88BE-4358-90C5-FECD4E0D4608}.Debug|x64.ActiveCfg = Debug|Any CPU
		{88A8E05D-88BE-4358-90C5-FECD4E0D4608}.Debug|x64.Build.0 = Debug|Any CPU
		{88A8E05D-88BE-4358-90C5-FECD4E0D4608}.Debug|x86.ActiveCfg = Debug|Any CPU
		{88A8E05D-88BE-4358-90C5-FECD4E0D4608}.Debug|x86.Build.0 = Debug|Any CPU
		{88A8E05D-88BE-4358-90C5-FECD4E0D4608}.Release|Any CPU.ActiveCfg = Release|Any CPU
		{88A8E05D-88BE-4358-90C5-FECD4E0D4608}.Release|Any CPU.Build.0 = Release|Any CPU
		{88A8E05D-88BE-4358-90C5-FECD4E0D4608}.Release|x64.ActiveCfg = Release|Any CPU
		{88A8E05D-88BE-4358-90C5-FECD4E0D4608}.Release|x64.Build.0 = Release|Any CPU
		{88A8E05D-88BE-4358-90C5-FECD4E0D4608}.Release|x86.ActiveCfg = Release|Any CPU
		{88A8E05D-88BE-4358-90C5-FECD4E0D4608}.Release|x86.Build.0 = Release|Any CPU
	EndGlobalSection
	GlobalSection(SolutionProperties) = preSolution
		HideSolutionNode = FALSE
	EndGlobalSection
EndGlobal
